Microsoft Visual Studio Solution File, Format Version 12.00
# Visual Studio 2012
Project("{FAE04EC0-301F-11D3-BF4B-00C04F79EFBC}") = "C# Missile Defense", "C# Missile Defense.csproj", "{DEBBC7A0-5658-4C69-B6F8-6DD2345EA211}"
EndProject
Global
	GlobalSection(SolutionConfigurationPlatforms) = preSolution
	Debug|Any CPU = Debug|Any CPU
	ExportDebug|Any CPU = ExportDebug|Any CPU
	ExportRelease|Any CPU = ExportRelease|Any CPU
	EndGlobalSection
	GlobalSection(ProjectConfigurationPlatforms) = postSolution
		{DEBBC7A0-5658-4C69-B6F8-6DD2345EA211}.Debug|Any CPU.ActiveCfg = Debug|Any CPU
		{DEBBC7A0-5658-4C69-B6F8-6DD2345EA211}.Debug|Any CPU.Build.0 = Debug|Any CPU
		{DEBBC7A0-5658-4C69-B6F8-6DD2345EA211}.ExportDebug|Any CPU.ActiveCfg = ExportDebug|Any CPU
		{DEBBC7A0-5658-4C69-B6F8-6DD2345EA211}.ExportDebug|Any CPU.Build.0 = ExportDebug|Any CPU
		{DEBBC7A0-5658-4C69-B6F8-6DD2345EA211}.ExportRelease|Any CPU.ActiveCfg = ExportRelease|Any CPU
		{DEBBC7A0-5658-4C69-B6F8-6DD2345EA211}.ExportRelease|Any CPU.Build.0 = ExportRelease|Any CPU
	EndGlobalSection
EndGlobal
